
Microsoft Visual Studio Solution File, Format Version 12.00
Project("{FAE04EC0-301F-11D3-BF4B-00C04F79EFBC}") = "laba 1.1", "laba 1.1\laba 1.1.csproj", "{87DC6F97-9CEE-4917-BC0A-2E2C6F4A68C7}"
EndProject
Project("{2150E333-8FDC-42A3-9474-1A3956D46DE8}") = "LPR1", "LPR1", "{361ECF60-BD8E-44A5-B0FD-8520F9C6FDF0}"
EndProject
Project("{FAE04EC0-301F-11D3-BF4B-00C04F79EFBC}") = "laba 1.2", "laba 1.2\laba 1.2.csproj", "{BD707B8E-B9B2-4FE8-A39C-D51D7767165D}"
EndProject
Project("{FAE04EC0-301F-11D3-BF4B-00C04F79EFBC}") = "laba 1.3", "laba 1.3\laba 1.3.csproj", "{642D29EB-FF7E-4FAD-939F-26E903BC51EE}"
EndProject
Project("{2150E333-8FDC-42A3-9474-1A3956D46DE8}") = "LPR2", "LPR2", "{00A13D70-84A8-421F-AC5B-BC9EBE228FC2}"
EndProject
Project("{FAE04EC0-301F-11D3-BF4B-00C04F79EFBC}") = "laba 2.1", "laba 2.1\laba 2.1.csproj", "{7F9EADFF-2404-414D-92E8-E840CA581CCC}"
EndProject
Project("{FAE04EC0-301F-11D3-BF4B-00C04F79EFBC}") = "laba 2.2", "laba 2.2\laba 2.2.csproj", "{02496781-3C8B-44A5-BE9B-811B787994D9}"
EndProject
Project("{FAE04EC0-301F-11D3-BF4B-00C04F79EFBC}") = "laba 2.3", "laba 2.3\laba 2.3.csproj", "{5FC3BD50-2841-4D52-899D-A39DC7D12A9B}"
EndProject
Project("{FAE04EC0-301F-11D3-BF4B-00C04F79EFBC}") = "laba 2.4", "laba 2.4\laba 2.4.csproj", "{CB459A82-421F-46A1-A549-06E97DCE29D4}"
EndProject
Project("{FAE04EC0-301F-11D3-BF4B-00C04F79EFBC}") = "laba 2.5", "laba 2.5\laba 2.5.csproj", "{AD27FDA9-8A29-4142-BCB2-1767CB29D102}"
EndProject
Project("{2150E333-8FDC-42A3-9474-1A3956D46DE8}") = "LPR3", "LPR3", "{456F0A67-F551-460C-A021-7F36325E06D9}"
EndProject
Project("{FAE04EC0-301F-11D3-BF4B-00C04F79EFBC}") = "laba 3.1", "laba 3.1\laba 3.1.csproj", "{8A470C57-12C4-40EC-BC67-7265158BAC62}"
EndProject
Project("{FAE04EC0-301F-11D3-BF4B-00C04F79EFBC}") = "laba 3.2", "laba 3.2\laba 3.2.csproj", "{318ADEA5-4439-4D30-A97C-9D1B9E503BBB}"
EndProject
Project("{FAE04EC0-301F-11D3-BF4B-00C04F79EFBC}") = "laba 3.3", "laba 3.3\laba 3.3.csproj", "{92DCBF6C-FA3C-48AC-95B4-A3DB18B2CFE1}"
EndProject
Project("{2150E333-8FDC-42A3-9474-1A3956D46DE8}") = "LPR4", "LPR4", "{1126CDCA-B81C-41CF-9C94-02AABD90EEEF}"
EndProject
Project("{FAE04EC0-301F-11D3-BF4B-00C04F79EFBC}") = "laba 4.1", "laba 4.1\laba 4.1.csproj", "{3E69AF21-7AF6-407A-93A3-911E44CDA657}"
EndProject
Global
	GlobalSection(SolutionConfigurationPlatforms) = preSolution
		Debug|Any CPU = Debug|Any CPU
		Release|Any CPU = Release|Any CPU
	EndGlobalSection
	GlobalSection(ProjectConfigurationPlatforms) = postSolution
		{87DC6F97-9CEE-4917-BC0A-2E2C6F4A68C7}.Debug|Any CPU.ActiveCfg = Debug|Any CPU
		{87DC6F97-9CEE-4917-BC0A-2E2C6F4A68C7}.Debug|Any CPU.Build.0 = Debug|Any CPU
		{87DC6F97-9CEE-4917-BC0A-2E2C6F4A68C7}.Release|Any CPU.ActiveCfg = Release|Any CPU
		{87DC6F97-9CEE-4917-BC0A-2E2C6F4A68C7}.Release|Any CPU.Build.0 = Release|Any CPU
		{BD707B8E-B9B2-4FE8-A39C-D51D7767165D}.Debug|Any CPU.ActiveCfg = Debug|Any CPU
		{BD707B8E-B9B2-4FE8-A39C-D51D7767165D}.Debug|Any CPU.Build.0 = Debug|Any CPU
		{BD707B8E-B9B2-4FE8-A39C-D51D7767165D}.Release|Any CPU.ActiveCfg = Release|Any CPU
		{BD707B8E-B9B2-4FE8-A39C-D51D7767165D}.Release|Any CPU.Build.0 = Release|Any CPU
		{642D29EB-FF7E-4FAD-939F-26E903BC51EE}.Debug|Any CPU.ActiveCfg = Debug|Any CPU
		{642D29EB-FF7E-4FAD-939F-26E903BC51EE}.Debug|Any CPU.Build.0 = Debug|Any CPU
		{642D29EB-FF7E-4FAD-939F-26E903BC51EE}.Release|Any CPU.ActiveCfg = Release|Any CPU
		{642D29EB-FF7E-4FAD-939F-26E903BC51EE}.Release|Any CPU.Build.0 = Release|Any CPU
		{7F9EADFF-2404-414D-92E8-E840CA581CCC}.Debug|Any CPU.ActiveCfg = Debug|Any CPU
		{7F9EADFF-2404-414D-92E8-E840CA581CCC}.Debug|Any CPU.Build.0 = Debug|Any CPU
		{7F9EADFF-2404-414D-92E8-E840CA581CCC}.Release|Any CPU.ActiveCfg = Release|Any CPU
		{7F9EADFF-2404-414D-92E8-E840CA581CCC}.Release|Any CPU.Build.0 = Release|Any CPU
		{02496781-3C8B-44A5-BE9B-811B787994D9}.Debug|Any CPU.ActiveCfg = Debug|Any CPU
		{02496781-3C8B-44A5-BE9B-811B787994D9}.Debug|Any CPU.Build.0 = Debug|Any CPU
		{02496781-3C8B-44A5-BE9B-811B787994D9}.Release|Any CPU.ActiveCfg = Release|Any CPU
		{02496781-3C8B-44A5-BE9B-811B787994D9}.Release|Any CPU.Build.0 = Release|Any CPU
		{5FC3BD50-2841-4D52-899D-A39DC7D12A9B}.Debug|Any CPU.ActiveCfg = Debug|Any CPU
		{5FC3BD50-2841-4D52-899D-A39DC7D12A9B}.Debug|Any CPU.Build.0 = Debug|Any CPU
		{5FC3BD50-2841-4D52-899D-A39DC7D12A9B}.Release|Any CPU.ActiveCfg = Release|Any CPU
		{5FC3BD50-2841-4D52-899D-A39DC7D12A9B}.Release|Any CPU.Build.0 = Release|Any CPU
		{CB459A82-421F-46A1-A549-06E97DCE29D4}.Debug|Any CPU.ActiveCfg = Debug|Any CPU
		{CB459A82-421F-46A1-A549-06E97DCE29D4}.Debug|Any CPU.Build.0 = Debug|Any CPU
		{CB459A82-421F-46A1-A549-06E97DCE29D4}.Release|Any CPU.ActiveCfg = Release|Any CPU
		{CB459A82-421F-46A1-A549-06E97DCE29D4}.Release|Any CPU.Build.0 = Release|Any CPU
		{AD27FDA9-8A29-4142-BCB2-1767CB29D102}.Debug|Any CPU.ActiveCfg = Debug|Any CPU
		{AD27FDA9-8A29-4142-BCB2-1767CB29D102}.Debug|Any CPU.Build.0 = Debug|Any CPU
		{AD27FDA9-8A29-4142-BCB2-1767CB29D102}.Release|Any CPU.ActiveCfg = Release|Any CPU
		{AD27FDA9-8A29-4142-BCB2-1767CB29D102}.Release|Any CPU.Build.0 = Release|Any CPU
		{8A470C57-12C4-40EC-BC67-7265158BAC62}.Debug|Any CPU.ActiveCfg = Debug|Any CPU
		{8A470C57-12C4-40EC-BC67-7265158BAC62}.Debug|Any CPU.Build.0 = Debug|Any CPU
		{8A470C57-12C4-40EC-BC67-7265158BAC62}.Release|Any CPU.ActiveCfg = Release|Any CPU
		{8A470C57-12C4-40EC-BC67-7265158BAC62}.Release|Any CPU.Build.0 = Release|Any CPU
		{318ADEA5-4439-4D30-A97C-9D1B9E503BBB}.Debug|Any CPU.ActiveCfg = Debug|Any CPU
		{318ADEA5-4439-4D30-A97C-9D1B9E503BBB}.Debug|Any CPU.Build.0 = Debug|Any CPU
		{318ADEA5-4439-4D30-A97C-9D1B9E503BBB}.Release|Any CPU.ActiveCfg = Release|Any CPU
		{318ADEA5-4439-4D30-A97C-9D1B9E503BBB}.Release|Any CPU.Build.0 = Release|Any CPU
		{92DCBF6C-FA3C-48AC-95B4-A3DB18B2CFE1}.Debug|Any CPU.ActiveCfg = Debug|Any CPU
		{92DCBF6C-FA3C-48AC-95B4-A3DB18B2CFE1}.Debug|Any CPU.Build.0 = Debug|Any CPU
		{92DCBF6C-FA3C-48AC-95B4-A3DB18B2CFE1}.Release|Any CPU.ActiveCfg = Release|Any CPU
		{92DCBF6C-FA3C-48AC-95B4-A3DB18B2CFE1}.Release|Any CPU.Build.0 = Release|Any CPU
		{3E69AF21-7AF6-407A-93A3-911E44CDA657}.Debug|Any CPU.ActiveCfg = Debug|Any CPU
		{3E69AF21-7AF6-407A-93A3-911E44CDA657}.Debug|Any CPU.Build.0 = Debug|Any CPU
		{3E69AF21-7AF6-407A-93A3-911E44CDA657}.Release|Any CPU.ActiveCfg = Release|Any CPU
		{3E69AF21-7AF6-407A-93A3-911E44CDA657}.Release|Any CPU.Build.0 = Release|Any CPU
	EndGlobalSection
	GlobalSection(NestedProjects) = preSolution
		{87DC6F97-9CEE-4917-BC0A-2E2C6F4A68C7} = {361ECF60-BD8E-44A5-B0FD-8520F9C6FDF0}
		{BD707B8E-B9B2-4FE8-A39C-D51D7767165D} = {361ECF60-BD8E-44A5-B0FD-8520F9C6FDF0}
		{642D29EB-FF7E-4FAD-939F-26E903BC51EE} = {361ECF60-BD8E-44A5-B0FD-8520F9C6FDF0}
		{7F9EADFF-2404-414D-92E8-E840CA581CCC} = {00A13D70-84A8-421F-AC5B-BC9EBE228FC2}
		{02496781-3C8B-44A5-BE9B-811B787994D9} = {00A13D70-84A8-421F-AC5B-BC9EBE228FC2}
		{5FC3BD50-2841-4D52-899D-A39DC7D12A9B} = {00A13D70-84A8-421F-AC5B-BC9EBE228FC2}
		{CB459A82-421F-46A1-A549-06E97DCE29D4} = {00A13D70-84A8-421F-AC5B-BC9EBE228FC2}
		{AD27FDA9-8A29-4142-BCB2-1767CB29D102} = {00A13D70-84A8-421F-AC5B-BC9EBE228FC2}
		{8A470C57-12C4-40EC-BC67-7265158BAC62} = {456F0A67-F551-460C-A021-7F36325E06D9}
		{318ADEA5-4439-4D30-A97C-9D1B9E503BBB} = {456F0A67-F551-460C-A021-7F36325E06D9}
		{92DCBF6C-FA3C-48AC-95B4-A3DB18B2CFE1} = {456F0A67-F551-460C-A021-7F36325E06D9}
		{3E69AF21-7AF6-407A-93A3-911E44CDA657} = {1126CDCA-B81C-41CF-9C94-02AABD90EEEF}
	EndGlobalSection
EndGlobal
